{
  "version": 4,
  "terraform_version": "1.7.5",
  "serial": 123,
  "lineage": "37615dba-a24f-4d86-af6d-6bbe5f6b7b56",
  "outputs": {},
  "resources": [
    {
      "mode": "data",
      "type": "azurerm_role_definition",
      "name": "Terraform_AVD_Hostpool_users",
      "provider": "provider[\"registry.terraform.io/hashicorp/azurerm\"]",
      "instances": [
        {
          "schema_version": 0,
          "attributes": {
            "assignable_scopes": [
              "/"
            ],
            "description": "Allows user to use the applications in an application group.",
            "id": "/providers/Microsoft.Authorization/roleDefinitions/1d18fff3-a72a-46b5-b4a9-0b38a3cd7e63",
            "name": "Desktop Virtualization User",
            "permissions": [
              {
                "actions": [],
                "data_actions": [
                  "Microsoft.DesktopVirtualization/appAttachPackages/useApplications/action",
                  "Microsoft.DesktopVirtualization/applicationGroups/useApplications/action"
                ],
                "not_actions": [],
                "not_data_actions": []
              }
            ],
            "role_definition_id": "/providers/Microsoft.Authorization/roleDefinitions/1d18fff3-a72a-46b5-b4a9-0b38a3cd7e63",
            "scope": null,
            "timeouts": null,
            "type": "BuiltInRole"
          },
          "sensitive_attributes": []
        }
      ]
    },
    {
      "mode": "managed",
      "type": "azuread_group",
      "name": "avd_users",
      "provider": "provider[\"registry.terraform.io/hashicorp/azuread\"]",
      "instances": [
        {
          "schema_version": 0,
          "attributes": {
            "administrative_unit_ids": [],
            "assignable_to_role": false,
            "auto_subscribe_new_members": false,
            "behaviors": [],
            "description": "",
            "display_name": "AVD Users",
            "dynamic_membership": [],
            "external_senders_allowed": false,
            "hide_from_address_lists": false,
            "hide_from_outlook_clients": false,
            "id": "6cef93d4-8357-46ab-8c50-2726a4d2ba53",
            "mail": "",
            "mail_enabled": false,
            "mail_nickname": "b4e56e41-e",
            "members": [
              "7f4d8b1e-c5ad-48a1-ab74-65777bf2f4a5"
            ],
            "object_id": "6cef93d4-8357-46ab-8c50-2726a4d2ba53",
            "onpremises_domain_name": "",
            "onpremises_group_type": "",
            "onpremises_netbios_name": "",
            "onpremises_sam_account_name": "",
            "onpremises_security_identifier": "",
            "onpremises_sync_enabled": false,
            "owners": [
              "7f4d8b1e-c5ad-48a1-ab74-65777bf2f4a5"
            ],
            "preferred_language": "",
            "prevent_duplicate_names": false,
            "provisioning_options": [],
            "proxy_addresses": [],
            "security_enabled": true,
            "theme": "",
            "timeouts": null,
            "types": [],
            "visibility": "",
            "writeback_enabled": false
          },
          "sensitive_attributes": [],
          "private": "eyJlMmJmYjczMC1lY2FhLTExZTYtOGY4OC0zNDM2M2JjN2M0YzAiOnsiY3JlYXRlIjoxMjAwMDAwMDAwMDAwLCJkZWxldGUiOjMwMDAwMDAwMDAwMCwicmVhZCI6MzAwMDAwMDAwMDAwLCJ1cGRhdGUiOjEyMDAwMDAwMDAwMDB9fQ=="
        }
      ]
    },
    {
      "mode": "managed",
      "type": "azurerm_network_interface",
      "name": "avdnic",
      "provider": "provider[\"registry.terraform.io/hashicorp/azurerm\"]",
      "instances": [
        {
          "index_key": 0,
          "schema_version": 0,
          "attributes": {
            "applied_dns_servers": [],
            "dns_servers": [],
            "edge_zone": "",
            "enable_accelerated_networking": false,
            "enable_ip_forwarding": false,
            "id": "/subscriptions/c3da4e90-30e6-4e7e-8a5e-59ddffae0015/resourceGroups/rg_terra_avd/providers/Microsoft.Network/networkInterfaces/avd-nic-0",
            "internal_dns_name_label": "",
            "internal_domain_name_suffix": "",
            "ip_configuration": [
              {
                "gateway_load_balancer_frontend_ip_configuration_id": "",
                "name": "avd-ipconf",
                "primary": true,
                "private_ip_address": "10.200.1.4",
                "private_ip_address_allocation": "Dynamic",
                "private_ip_address_version": "IPv4",
                "public_ip_address_id": "",
                "subnet_id": "/subscriptions/c3da4e90-30e6-4e7e-8a5e-59ddffae0015/resourceGroups/rg_terra_avd/providers/Microsoft.Network/virtualNetworks/vnet_terra_avd/subnets/avd-snet"
              }
            ],
            "location": "uksouth",
            "mac_address": "7C-1E-52-02-C8-85",
            "name": "avd-nic-0",
            "private_ip_address": "10.200.1.4",
            "private_ip_addresses": [
              "10.200.1.4"
            ],
            "resource_group_name": "rg_terra_avd",
            "tags": {},
            "timeouts": null,
            "virtual_machine_id": ""
          },
          "sensitive_attributes": [],
          "private": "eyJlMmJmYjczMC1lY2FhLTExZTYtOGY4OC0zNDM2M2JjN2M0YzAiOnsiY3JlYXRlIjoxODAwMDAwMDAwMDAwLCJkZWxldGUiOjE4MDAwMDAwMDAwMDAsInJlYWQiOjMwMDAwMDAwMDAwMCwidXBkYXRlIjoxODAwMDAwMDAwMDAwfX0=",
          "dependencies": [
            "azurerm_resource_group.avdrg",
            "azurerm_subnet.avdnet",
            "azurerm_virtual_network.avdnet"
          ]
        }
      ]
    },
    {
      "mode": "managed",
      "type": "azurerm_resource_group",
      "name": "avdrg",
      "provider": "provider[\"registry.terraform.io/hashicorp/azurerm\"]",
      "instances": [
        {
          "schema_version": 0,
          "attributes": {
            "id": "/subscriptions/c3da4e90-30e6-4e7e-8a5e-59ddffae0015/resourceGroups/rg_terra_avd",
            "location": "uksouth",
            "name": "rg_terra_avd",
            "tags": {
              "environment": "dev"
            },
            "timeouts": null
          },
          "sensitive_attributes": [],
          "private": "eyJlMmJmYjczMC1lY2FhLTExZTYtOGY4OC0zNDM2M2JjN2M0YzAiOnsiY3JlYXRlIjo1NDAwMDAwMDAwMDAwLCJkZWxldGUiOjU0MDAwMDAwMDAwMDAsInJlYWQiOjMwMDAwMDAwMDAwMCwidXBkYXRlIjo1NDAwMDAwMDAwMDAwfX0="
        }
      ]
    },
    {
      "mode": "managed",
      "type": "azurerm_role_assignment",
      "name": "avd_users_Terraform_AVD_Hostpool_users",
      "provider": "provider[\"registry.terraform.io/hashicorp/azurerm\"]",
      "instances": [
        {
          "schema_version": 0,
          "attributes": {
            "condition": "",
            "condition_version": "",
            "delegated_managed_identity_resource_id": "",
            "description": "",
            "id": "/subscriptions/c3da4e90-30e6-4e7e-8a5e-59ddffae0015/resourceGroups/rg_terra_avd/providers/Microsoft.DesktopVirtualization/applicationGroups/avd-terra-desktop-dag/providers/Microsoft.Authorization/roleAssignments/f709ab97-3c60-e549-a929-983128082dc5",
            "name": "f709ab97-3c60-e549-a929-983128082dc5",
            "principal_id": "6cef93d4-8357-46ab-8c50-2726a4d2ba53",
            "principal_type": "Group",
            "role_definition_id": "/subscriptions/c3da4e90-30e6-4e7e-8a5e-59ddffae0015/providers/Microsoft.Authorization/roleDefinitions/1d18fff3-a72a-46b5-b4a9-0b38a3cd7e63",
            "role_definition_name": "Desktop Virtualization User",
            "scope": "/subscriptions/c3da4e90-30e6-4e7e-8a5e-59ddffae0015/resourceGroups/rg_terra_avd/providers/Microsoft.DesktopVirtualization/applicationGroups/avd-terra-desktop-dag",
            "skip_service_principal_aad_check": null,
            "timeouts": null
          },
          "sensitive_attributes": [],
          "private": "eyJlMmJmYjczMC1lY2FhLTExZTYtOGY4OC0zNDM2M2JjN2M0YzAiOnsiY3JlYXRlIjoxODAwMDAwMDAwMDAwLCJkZWxldGUiOjE4MDAwMDAwMDAwMDAsInJlYWQiOjMwMDAwMDAwMDAwMCwidXBkYXRlIjoxODAwMDAwMDAwMDAwfX0=",
          "dependencies": [
            "azuread_group.avd_users",
            "azurerm_resource_group.avdrg",
            "azurerm_virtual_desktop_application_group.avdappg",
            "azurerm_virtual_desktop_host_pool.avdhppool",
            "data.azurerm_role_definition.Terraform_AVD_Hostpool_users"
          ]
        }
      ]
    },
    {
      "mode": "managed",
      "type": "azurerm_subnet",
      "name": "avdnet",
      "provider": "provider[\"registry.terraform.io/hashicorp/azurerm\"]",
      "instances": [
        {
          "schema_version": 0,
          "attributes": {
            "address_prefixes": [
              "10.200.1.0/24"
            ],
            "delegation": [],
            "enforce_private_link_endpoint_network_policies": false,
            "enforce_private_link_service_network_policies": false,
            "id": "/subscriptions/c3da4e90-30e6-4e7e-8a5e-59ddffae0015/resourceGroups/rg_terra_avd/providers/Microsoft.Network/virtualNetworks/vnet_terra_avd/subnets/avd-snet",
            "name": "avd-snet",
            "resource_group_name": "rg_terra_avd",
            "service_endpoint_policy_ids": [],
            "service_endpoints": [],
            "timeouts": null,
            "virtual_network_name": "vnet_terra_avd"
          },
          "sensitive_attributes": [],
          "private": "eyJlMmJmYjczMC1lY2FhLTExZTYtOGY4OC0zNDM2M2JjN2M0YzAiOnsiY3JlYXRlIjoxODAwMDAwMDAwMDAwLCJkZWxldGUiOjE4MDAwMDAwMDAwMDAsInJlYWQiOjMwMDAwMDAwMDAwMCwidXBkYXRlIjoxODAwMDAwMDAwMDAwfX0=",
          "dependencies": [
            "azurerm_resource_group.avdrg",
            "azurerm_virtual_network.avdnet"
          ]
        }
      ]
    },
    {
      "mode": "managed",
      "type": "azurerm_virtual_desktop_application_group",
      "name": "avdappg",
      "provider": "provider[\"registry.terraform.io/hashicorp/azurerm\"]",
      "instances": [
        {
          "schema_version": 1,
          "attributes": {
            "default_desktop_display_name": "",
            "description": "",
            "friendly_name": "",
            "host_pool_id": "/subscriptions/c3da4e90-30e6-4e7e-8a5e-59ddffae0015/resourceGroups/rg_terra_avd/providers/Microsoft.DesktopVirtualization/hostPools/avd-terra-pool",
            "id": "/subscriptions/c3da4e90-30e6-4e7e-8a5e-59ddffae0015/resourceGroups/rg_terra_avd/providers/Microsoft.DesktopVirtualization/applicationGroups/avd-terra-desktop-dag",
            "location": "uksouth",
            "name": "avd-terra-desktop-dag",
            "resource_group_name": "rg_terra_avd",
            "tags": null,
            "timeouts": null,
            "type": "Desktop"
          },
          "sensitive_attributes": [],
          "private": "eyJlMmJmYjczMC1lY2FhLTExZTYtOGY4OC0zNDM2M2JjN2M0YzAiOnsiY3JlYXRlIjozNjAwMDAwMDAwMDAwLCJkZWxldGUiOjM2MDAwMDAwMDAwMDAsInJlYWQiOjMwMDAwMDAwMDAwMCwidXBkYXRlIjozNjAwMDAwMDAwMDAwfSwic2NoZW1hX3ZlcnNpb24iOiIxIn0=",
          "dependencies": [
            "azurerm_resource_group.avdrg",
            "azurerm_virtual_desktop_host_pool.avdhppool"
          ]
        }
      ]
    },
    {
      "mode": "managed",
      "type": "azurerm_virtual_desktop_host_pool",
      "name": "avdhppool",
      "provider": "provider[\"registry.terraform.io/hashicorp/azurerm\"]",
      "instances": [
        {
          "schema_version": 1,
          "attributes": {
            "custom_rdp_properties": "",
            "description": "",
            "friendly_name": "Terraformed Host Pool",
            "id": "/subscriptions/c3da4e90-30e6-4e7e-8a5e-59ddffae0015/resourceGroups/rg_terra_avd/providers/Microsoft.DesktopVirtualization/hostPools/avd-terra-pool",
            "load_balancer_type": "BreadthFirst",
            "location": "uksouth",
            "maximum_sessions_allowed": 999999,
            "name": "avd-terra-pool",
            "personal_desktop_assignment_type": "",
            "preferred_app_group_type": "Desktop",
            "resource_group_name": "rg_terra_avd",
            "start_vm_on_connect": false,
            "tags": null,
            "timeouts": null,
            "type": "Pooled",
            "validate_environment": false
          },
          "sensitive_attributes": [],
          "private": "eyJlMmJmYjczMC1lY2FhLTExZTYtOGY4OC0zNDM2M2JjN2M0YzAiOnsiY3JlYXRlIjozNjAwMDAwMDAwMDAwLCJkZWxldGUiOjM2MDAwMDAwMDAwMDAsInJlYWQiOjMwMDAwMDAwMDAwMCwidXBkYXRlIjozNjAwMDAwMDAwMDAwfSwic2NoZW1hX3ZlcnNpb24iOiIxIn0=",
          "dependencies": [
            "azurerm_resource_group.avdrg"
          ]
        }
      ]
    },
    {
      "mode": "managed",
      "type": "azurerm_virtual_desktop_host_pool_registration_info",
      "name": "avdhppool",
      "provider": "provider[\"registry.terraform.io/hashicorp/azurerm\"]",
      "instances": [
        {
          "schema_version": 0,
          "attributes": {
            "expiration_date": "2024-08-14T09:48:33Z",
            "hostpool_id": "/subscriptions/c3da4e90-30e6-4e7e-8a5e-59ddffae0015/resourceGroups/rg_terra_avd/providers/Microsoft.DesktopVirtualization/hostPools/avd-terra-pool",
            "id": "/subscriptions/c3da4e90-30e6-4e7e-8a5e-59ddffae0015/resourceGroups/rg_terra_avd/providers/Microsoft.DesktopVirtualization/hostPools/avd-terra-pool/registrationInfo/default",
            "timeouts": null,
            "token": "eyJhbGciOiJSUzI1NiIsImtpZCI6IjdDRjJCQTUzNjY3QjA4RTQzRjA0MDkyODNDMTk0NzhGNDc4OEYxMDYiLCJ0eXAiOiJKV1QifQ.eyJSZWdpc3RyYXRpb25JZCI6IjI3ZmY5ZWZjLTMzZDktNGVmNi1hNmFhLWFiZDEzOWM0NjMwZiIsIkJyb2tlclVyaSI6Imh0dHBzOi8vcmRicm9rZXItZy1nYi1yMC53dmQubWljcm9zb2Z0LmNvbS8iLCJEaWFnbm9zdGljc1VyaSI6Imh0dHBzOi8vcmRkaWFnbm9zdGljcy1nLWdiLXIwLnd2ZC5taWNyb3NvZnQuY29tLyIsIkVuZHBvaW50UG9vbElkIjoiOGJjYWMxMGQtZjk4Yi00ODlmLWIxMDEtYWRiYTk0MzFmOTI3IiwiR2xvYmFsQnJva2VyVXJpIjoiaHR0cHM6Ly9yZGJyb2tlci53dmQubWljcm9zb2Z0LmNvbS8iLCJHZW9ncmFwaHkiOiJHQiIsIkdsb2JhbEJyb2tlclJlc291cmNlSWRVcmkiOiJodHRwczovLzhiY2FjMTBkLWY5OGItNDg5Zi1iMTAxLWFkYmE5NDMxZjkyNy5yZGJyb2tlci53dmQubWljcm9zb2Z0LmNvbS8iLCJCcm9rZXJSZXNvdXJjZUlkVXJpIjoiaHR0cHM6Ly84YmNhYzEwZC1mOThiLTQ4OWYtYjEwMS1hZGJhOTQzMWY5MjcucmRicm9rZXItZy1nYi1yMC53dmQubWljcm9zb2Z0LmNvbS8iLCJEaWFnbm9zdGljc1Jlc291cmNlSWRVcmkiOiJodHRwczovLzhiY2FjMTBkLWY5OGItNDg5Zi1iMTAxLWFkYmE5NDMxZjkyNy5yZGRpYWdub3N0aWNzLWctZ2ItcjAud3ZkLm1pY3Jvc29mdC5jb20vIiwiQUFEVGVuYW50SWQiOiI4MjljZjA0OS1iYzM2LTRiMzUtOThiZi0wODU3NzFlODg4N2UiLCJuYmYiOjE3MjEwMzY5MjcsImV4cCI6MTcyMzYyODkxMywiaXNzIjoiUkRJbmZyYVRva2VuTWFuYWdlciIsImF1ZCI6IlJEbWkifQ.yHoy26VJO1vHwFJfKxJQ9LVQ7lftJsBS7OJbIRIdyZ7OrgTwcsh9TkmW9bZxuWNkOPOdUCGLz3Dc54J-oDopP-PH8NF8x0E0EcfUWQmfe0G-XfRFE9cbVxeAb57WgRZTU52GJgIm_K4WSx0gny8ruiINbhHsYGMMCvH9rRzF7tArz8-vwoM2m_vEetKhnsgBTsTC1QrkiboENm_XnfRh6bI1uylRp6yD2h9y7fJumuh8c8DEv3PXP1NpcqlnMar-2d1od2t2Pdns6RnpF4R6hB1FFCy5TXSqhNjHHRIPCzAgRy51J1sLsLsaMccJItuqQc56oAZcSSX-PMjyY9qqxA"
          },
          "sensitive_attributes": [],
          "private": "eyJlMmJmYjczMC1lY2FhLTExZTYtOGY4OC0zNDM2M2JjN2M0YzAiOnsiY3JlYXRlIjoxODAwMDAwMDAwMDAwLCJkZWxldGUiOjE4MDAwMDAwMDAwMDAsInJlYWQiOjMwMDAwMDAwMDAwMCwidXBkYXRlIjoxODAwMDAwMDAwMDAwfX0=",
          "dependencies": [
            "azurerm_resource_group.avdrg",
            "azurerm_virtual_desktop_host_pool.avdhppool",
            "time_rotating.avd_registration_expiration"
          ]
        }
      ]
    },
    {
      "mode": "managed",
      "type": "azurerm_virtual_desktop_workspace",
      "name": "avdws",
      "provider": "provider[\"registry.terraform.io/hashicorp/azurerm\"]",
      "instances": [
        {
          "schema_version": 1,
          "attributes": {
            "description": "Terraform test ws",
            "friendly_name": "Terra Workspace",
            "id": "/subscriptions/c3da4e90-30e6-4e7e-8a5e-59ddffae0015/resourceGroups/rg_terra_avd/providers/Microsoft.DesktopVirtualization/workspaces/avd-terra-workspace",
            "location": "uksouth",
            "name": "avd-terra-workspace",
            "resource_group_name": "rg_terra_avd",
            "tags": {},
            "timeouts": null
          },
          "sensitive_attributes": [],
          "private": "eyJlMmJmYjczMC1lY2FhLTExZTYtOGY4OC0zNDM2M2JjN2M0YzAiOnsiY3JlYXRlIjozNjAwMDAwMDAwMDAwLCJkZWxldGUiOjM2MDAwMDAwMDAwMDAsInJlYWQiOjMwMDAwMDAwMDAwMCwidXBkYXRlIjozNjAwMDAwMDAwMDAwfSwic2NoZW1hX3ZlcnNpb24iOiIxIn0=",
          "dependencies": [
            "azurerm_resource_group.avdrg"
          ]
        }
      ]
    },
    {
      "mode": "managed",
      "type": "azurerm_virtual_desktop_workspace_application_group_association",
      "name": "avdappgass",
      "provider": "provider[\"registry.terraform.io/hashicorp/azurerm\"]",
      "instances": [
        {
          "schema_version": 1,
          "attributes": {
            "application_group_id": "/subscriptions/c3da4e90-30e6-4e7e-8a5e-59ddffae0015/resourceGroups/rg_terra_avd/providers/Microsoft.DesktopVirtualization/applicationGroups/avd-terra-desktop-dag",
            "id": "/subscriptions/c3da4e90-30e6-4e7e-8a5e-59ddffae0015/resourceGroups/rg_terra_avd/providers/Microsoft.DesktopVirtualization/workspaces/avd-terra-workspace|/subscriptions/c3da4e90-30e6-4e7e-8a5e-59ddffae0015/resourceGroups/rg_terra_avd/providers/Microsoft.DesktopVirtualization/applicationGroups/avd-terra-desktop-dag",
            "timeouts": null,
            "workspace_id": "/subscriptions/c3da4e90-30e6-4e7e-8a5e-59ddffae0015/resourceGroups/rg_terra_avd/providers/Microsoft.DesktopVirtualization/workspaces/avd-terra-workspace"
          },
          "sensitive_attributes": [],
          "private": "eyJlMmJmYjczMC1lY2FhLTExZTYtOGY4OC0zNDM2M2JjN2M0YzAiOnsiY3JlYXRlIjozNjAwMDAwMDAwMDAwLCJkZWxldGUiOjM2MDAwMDAwMDAwMDAsInJlYWQiOjMwMDAwMDAwMDAwMCwidXBkYXRlIjozNjAwMDAwMDAwMDAwfSwic2NoZW1hX3ZlcnNpb24iOiIxIn0=",
          "dependencies": [
            "azurerm_resource_group.avdrg",
            "azurerm_virtual_desktop_application_group.avdappg",
            "azurerm_virtual_desktop_host_pool.avdhppool",
            "azurerm_virtual_desktop_workspace.avdws"
          ]
        }
      ]
    },
    {
      "mode": "managed",
      "type": "azurerm_virtual_machine_extension",
      "name": "aadJoin",
      "provider": "provider[\"registry.terraform.io/hashicorp/azurerm\"]",
      "instances": [
        {
          "index_key": 0,
          "schema_version": 0,
          "attributes": {
            "auto_upgrade_minor_version": true,
            "automatic_upgrade_enabled": false,
            "id": "/subscriptions/c3da4e90-30e6-4e7e-8a5e-59ddffae0015/resourceGroups/rg_terra_avd/providers/Microsoft.Compute/virtualMachines/avd-vm-0-e1cd/extensions/AADLoginForwindows",
            "name": "AADLoginForwindows",
            "protected_settings": null,
            "publisher": "Microsoft.Azure.ActiveDirectory",
            "settings": null,
            "tags": null,
            "timeouts": null,
            "type": "AADLoginForWindows",
            "type_handler_version": "1.0",
            "virtual_machine_id": "/subscriptions/c3da4e90-30e6-4e7e-8a5e-59ddffae0015/resourceGroups/rg_terra_avd/providers/Microsoft.Compute/virtualMachines/avd-vm-0-e1cd"
          },
          "sensitive_attributes": [],
          "private": "eyJlMmJmYjczMC1lY2FhLTExZTYtOGY4OC0zNDM2M2JjN2M0YzAiOnsiY3JlYXRlIjoxODAwMDAwMDAwMDAwLCJkZWxldGUiOjE4MDAwMDAwMDAwMDAsInJlYWQiOjMwMDAwMDAwMDAwMCwidXBkYXRlIjoxODAwMDAwMDAwMDAwfX0=",
          "dependencies": [
            "azurerm_network_interface.avdnic",
            "azurerm_resource_group.avdrg",
            "azurerm_subnet.avdnet",
            "azurerm_virtual_network.avdnet",
            "azurerm_windows_virtual_machine.avd",
            "random_id.avd",
            "random_password.avd_local_admin"
          ]
        }
      ]
    },
    {
      "mode": "managed",
      "type": "azurerm_virtual_machine_extension",
      "name": "avd_register_session_host",
      "provider": "provider[\"registry.terraform.io/hashicorp/azurerm\"]",
      "instances": [
        {
          "index_key": 0,
          "schema_version": 0,
          "attributes": {
            "auto_upgrade_minor_version": false,
            "automatic_upgrade_enabled": false,
            "id": "/subscriptions/c3da4e90-30e6-4e7e-8a5e-59ddffae0015/resourceGroups/rg_terra_avd/providers/Microsoft.Compute/virtualMachines/avd-vm-0-e1cd/extensions/register-session-host-vmext",
            "name": "register-session-host-vmext",
            "protected_settings": "{\r\n  \"properties\": {\r\n    \"registrationInfoToken\": \"eyJhbGciOiJSUzI1NiIsImtpZCI6IjdDRjJCQTUzNjY3QjA4RTQzRjA0MDkyODNDMTk0NzhGNDc4OEYxMDYiLCJ0eXAiOiJKV1QifQ.eyJSZWdpc3RyYXRpb25JZCI6IjI3ZmY5ZWZjLTMzZDktNGVmNi1hNmFhLWFiZDEzOWM0NjMwZiIsIkJyb2tlclVyaSI6Imh0dHBzOi8vcmRicm9rZXItZy1nYi1yMC53dmQubWljcm9zb2Z0LmNvbS8iLCJEaWFnbm9zdGljc1VyaSI6Imh0dHBzOi8vcmRkaWFnbm9zdGljcy1nLWdiLXIwLnd2ZC5taWNyb3NvZnQuY29tLyIsIkVuZHBvaW50UG9vbElkIjoiOGJjYWMxMGQtZjk4Yi00ODlmLWIxMDEtYWRiYTk0MzFmOTI3IiwiR2xvYmFsQnJva2VyVXJpIjoiaHR0cHM6Ly9yZGJyb2tlci53dmQubWljcm9zb2Z0LmNvbS8iLCJHZW9ncmFwaHkiOiJHQiIsIkdsb2JhbEJyb2tlclJlc291cmNlSWRVcmkiOiJodHRwczovLzhiY2FjMTBkLWY5OGItNDg5Zi1iMTAxLWFkYmE5NDMxZjkyNy5yZGJyb2tlci53dmQubWljcm9zb2Z0LmNvbS8iLCJCcm9rZXJSZXNvdXJjZUlkVXJpIjoiaHR0cHM6Ly84YmNhYzEwZC1mOThiLTQ4OWYtYjEwMS1hZGJhOTQzMWY5MjcucmRicm9rZXItZy1nYi1yMC53dmQubWljcm9zb2Z0LmNvbS8iLCJEaWFnbm9zdGljc1Jlc291cmNlSWRVcmkiOiJodHRwczovLzhiY2FjMTBkLWY5OGItNDg5Zi1iMTAxLWFkYmE5NDMxZjkyNy5yZGRpYWdub3N0aWNzLWctZ2ItcjAud3ZkLm1pY3Jvc29mdC5jb20vIiwiQUFEVGVuYW50SWQiOiI4MjljZjA0OS1iYzM2LTRiMzUtOThiZi0wODU3NzFlODg4N2UiLCJuYmYiOjE3MjEwMzY5MjcsImV4cCI6MTcyMzYyODkxMywiaXNzIjoiUkRJbmZyYVRva2VuTWFuYWdlciIsImF1ZCI6IlJEbWkifQ.yHoy26VJO1vHwFJfKxJQ9LVQ7lftJsBS7OJbIRIdyZ7OrgTwcsh9TkmW9bZxuWNkOPOdUCGLz3Dc54J-oDopP-PH8NF8x0E0EcfUWQmfe0G-XfRFE9cbVxeAb57WgRZTU52GJgIm_K4WSx0gny8ruiINbhHsYGMMCvH9rRzF7tArz8-vwoM2m_vEetKhnsgBTsTC1QrkiboENm_XnfRh6bI1uylRp6yD2h9y7fJumuh8c8DEv3PXP1NpcqlnMar-2d1od2t2Pdns6RnpF4R6hB1FFCy5TXSqhNjHHRIPCzAgRy51J1sLsLsaMccJItuqQc56oAZcSSX-PMjyY9qqxA\"\r\n  }\r\n}\r\n",
            "publisher": "Microsoft.Powershell",
            "settings": "{\"configurationFunction\":\"Configuration.ps1\\\\AddSessionHost\",\"modulesUrl\":\"https://wvdportalstorageblob.blob.core.windows.net/galleryartifacts/Configuration_02-23-2022.zip\",\"properties\":{\"aadJoin\":true,\"hostPoolName\":\"avd-terra-pool\"}}",
            "tags": null,
            "timeouts": null,
            "type": "DSC",
            "type_handler_version": "2.73",
            "virtual_machine_id": "/subscriptions/c3da4e90-30e6-4e7e-8a5e-59ddffae0015/resourceGroups/rg_terra_avd/providers/Microsoft.Compute/virtualMachines/avd-vm-0-e1cd"
          },
          "sensitive_attributes": [
            [
              {
                "type": "get_attr",
                "value": "protected_settings"
              }
            ]
          ],
          "private": "eyJlMmJmYjczMC1lY2FhLTExZTYtOGY4OC0zNDM2M2JjN2M0YzAiOnsiY3JlYXRlIjoxODAwMDAwMDAwMDAwLCJkZWxldGUiOjE4MDAwMDAwMDAwMDAsInJlYWQiOjMwMDAwMDAwMDAwMCwidXBkYXRlIjoxODAwMDAwMDAwMDAwfX0=",
          "dependencies": [
            "azurerm_network_interface.avdnic",
            "azurerm_resource_group.avdrg",
            "azurerm_subnet.avdnet",
            "azurerm_virtual_desktop_host_pool.avdhppool",
            "azurerm_virtual_desktop_host_pool_registration_info.avdhppool",
            "azurerm_virtual_network.avdnet",
            "azurerm_windows_virtual_machine.avd",
            "random_id.avd",
            "random_password.avd_local_admin",
            "time_rotating.avd_registration_expiration"
          ]
        }
      ]
    },
    {
      "mode": "managed",
      "type": "azurerm_virtual_network",
      "name": "avdnet",
      "provider": "provider[\"registry.terraform.io/hashicorp/azurerm\"]",
      "instances": [
        {
          "schema_version": 0,
          "attributes": {
            "address_space": [
              "10.200.0.0/16"
            ],
            "bgp_community": "",
            "ddos_protection_plan": [],
            "dns_servers": [],
            "edge_zone": "",
            "flow_timeout_in_minutes": 0,
            "guid": "770e5360-8c26-485f-b58e-ff8b2ac0bc21",
            "id": "/subscriptions/c3da4e90-30e6-4e7e-8a5e-59ddffae0015/resourceGroups/rg_terra_avd/providers/Microsoft.Network/virtualNetworks/vnet_terra_avd",
            "location": "uksouth",
            "name": "vnet_terra_avd",
            "resource_group_name": "rg_terra_avd",
            "subnet": [
              {
                "address_prefix": "10.200.1.0/24",
                "id": "/subscriptions/c3da4e90-30e6-4e7e-8a5e-59ddffae0015/resourceGroups/rg_terra_avd/providers/Microsoft.Network/virtualNetworks/vnet_terra_avd/subnets/avd-snet",
                "name": "avd-snet",
                "security_group": ""
              }
            ],
            "tags": {},
            "timeouts": null
          },
          "sensitive_attributes": [],
          "private": "eyJlMmJmYjczMC1lY2FhLTExZTYtOGY4OC0zNDM2M2JjN2M0YzAiOnsiY3JlYXRlIjoxODAwMDAwMDAwMDAwLCJkZWxldGUiOjE4MDAwMDAwMDAwMDAsInJlYWQiOjMwMDAwMDAwMDAwMCwidXBkYXRlIjoxODAwMDAwMDAwMDAwfX0=",
          "dependencies": [
            "azurerm_resource_group.avdrg"
          ]
        }
      ]
    },
    {
      "mode": "managed",
      "type": "azurerm_windows_virtual_machine",
      "name": "avd",
      "provider": "provider[\"registry.terraform.io/hashicorp/azurerm\"]",
      "instances": [
        {
          "index_key": 0,
          "schema_version": 0,
          "attributes": {
            "additional_capabilities": [],
            "additional_unattend_content": [],
            "admin_password": "Ra%80Vote$WtNaKVNH0m9aQ5?Jx+=qq{1M2[$A1Kiki7a]nd:x4@)ms5\u00269KB+E2X",
            "admin_username": "avd-local-admin",
            "allow_extension_operations": true,
            "availability_set_id": "",
            "boot_diagnostics": [],
            "computer_name": "avd-vm-0-e1cd",
            "custom_data": null,
            "dedicated_host_group_id": "",
            "dedicated_host_id": "",
            "edge_zone": "",
            "enable_automatic_updates": true,
            "encryption_at_host_enabled": false,
            "eviction_policy": "",
            "extensions_time_budget": "PT1H30M",
            "hotpatching_enabled": false,
            "id": "/subscriptions/c3da4e90-30e6-4e7e-8a5e-59ddffae0015/resourceGroups/rg_terra_avd/providers/Microsoft.Compute/virtualMachines/avd-vm-0-e1cd",
            "identity": [
              {
                "identity_ids": null,
                "principal_id": "68c4495a-b507-467d-8767-3d875a2bf14a",
                "tenant_id": "829cf049-bc36-4b35-98bf-085771e8887e",
                "type": "SystemAssigned"
              }
            ],
            "license_type": "Windows_Client",
            "location": "uksouth",
            "max_bid_price": -1,
            "name": "avd-vm-0-e1cd",
            "network_interface_ids": [
              "/subscriptions/c3da4e90-30e6-4e7e-8a5e-59ddffae0015/resourceGroups/rg_terra_avd/providers/Microsoft.Network/networkInterfaces/avd-nic-0"
            ],
            "os_disk": [
              {
                "caching": "ReadWrite",
                "diff_disk_settings": [],
                "disk_encryption_set_id": "",
                "disk_size_gb": 127,
                "name": "avd-vm-0-e1cd_OsDisk_1_c321161cc9fe49f0805156b198aa75c4",
                "storage_account_type": "Premium_LRS",
                "write_accelerator_enabled": false
              }
            ],
            "patch_mode": "AutomaticByOS",
            "plan": [],
            "platform_fault_domain": -1,
            "priority": "Regular",
            "private_ip_address": "10.200.1.4",
            "private_ip_addresses": [
              "10.200.1.4"
            ],
            "provision_vm_agent": true,
            "proximity_placement_group_id": "",
            "public_ip_address": "",
            "public_ip_addresses": [],
            "resource_group_name": "rg_terra_avd",
            "secret": [],
            "secure_boot_enabled": false,
            "size": "Standard_B2s",
            "source_image_id": "",
            "source_image_reference": [
              {
                "offer": "windows-11",
                "publisher": "MicrosoftWindowsDesktop",
                "sku": "win11-23h2-avd",
                "version": "latest"
              }
            ],
            "tags": null,
            "termination_notification": null,
            "timeouts": null,
            "timezone": "",
            "user_data": "",
            "virtual_machine_id": "83eb0b9c-4d11-47cc-a29d-6e282101fb06",
            "virtual_machine_scale_set_id": "",
            "vtpm_enabled": false,
            "winrm_listener": [],
            "zone": ""
          },
          "sensitive_attributes": [
            [
              {
                "type": "get_attr",
                "value": "admin_password"
              }
            ]
          ],
          "private": "eyJlMmJmYjczMC1lY2FhLTExZTYtOGY4OC0zNDM2M2JjN2M0YzAiOnsiY3JlYXRlIjoyNzAwMDAwMDAwMDAwLCJkZWxldGUiOjI3MDAwMDAwMDAwMDAsInJlYWQiOjMwMDAwMDAwMDAwMCwidXBkYXRlIjoyNzAwMDAwMDAwMDAwfX0=",
          "dependencies": [
            "azurerm_network_interface.avdnic",
            "azurerm_resource_group.avdrg",
            "azurerm_subnet.avdnet",
            "azurerm_virtual_network.avdnet",
            "random_id.avd",
            "random_password.avd_local_admin"
          ]
        }
      ]
    },
    {
      "mode": "managed",
      "type": "random_id",
      "name": "avd",
      "provider": "provider[\"registry.terraform.io/hashicorp/random\"]",
      "instances": [
        {
          "index_key": 0,
          "schema_version": 0,
          "attributes": {
            "b64_std": "4c0=",
            "b64_url": "4c0",
            "byte_length": 2,
            "dec": "57805",
            "hex": "e1cd",
            "id": "4c0",
            "keepers": null,
            "prefix": null
          },
          "sensitive_attributes": []
        }
      ]
    },
    {
      "mode": "managed",
      "type": "random_password",
      "name": "avd_local_admin",
      "provider": "provider[\"registry.terraform.io/hashicorp/random\"]",
      "instances": [
        {
          "schema_version": 3,
          "attributes": {
            "bcrypt_hash": "$2a$10$MOwxaYNXPGUdFE1AWa6UZuLxl/lxjo.XqHgbE.oswWBpDvGaruRBa",
            "id": "none",
            "keepers": null,
            "length": 64,
            "lower": true,
            "min_lower": 0,
            "min_numeric": 0,
            "min_special": 0,
            "min_upper": 0,
            "number": true,
            "numeric": true,
            "override_special": null,
            "result": "Ra%80Vote$WtNaKVNH0m9aQ5?Jx+=qq{1M2[$A1Kiki7a]nd:x4@)ms5\u00269KB+E2X",
            "special": true,
            "upper": true
          },
          "sensitive_attributes": []
        }
      ]
    },
    {
      "mode": "managed",
      "type": "time_rotating",
      "name": "avd_registration_expiration",
      "provider": "provider[\"registry.terraform.io/hashicorp/time\"]",
      "instances": [
        {
          "schema_version": 0,
          "attributes": {
            "day": 14,
            "hour": 9,
            "id": "2024-07-15T09:48:33Z",
            "minute": 48,
            "month": 8,
            "rfc3339": "2024-07-15T09:48:33Z",
            "rotation_days": 30,
            "rotation_hours": null,
            "rotation_minutes": null,
            "rotation_months": null,
            "rotation_rfc3339": "2024-08-14T09:48:33Z",
            "rotation_years": null,
            "second": 33,
            "triggers": null,
            "unix": 1723628913,
            "year": 2024
          },
          "sensitive_attributes": []
        }
      ]
    }
  ],
  "check_results": null
}
